
Microsoft Visual Studio Solution File, Format Version 12.00
# Visual Studio Version 16
VisualStudioVersion = 16.0.28922.388
MinimumVisualStudioVersion = 10.0.40219.1
Project("{9A19103F-16F7-4668-BE54-9A1E7A4F7556}") = "FI.API.SignTool", "FI.API.SignTool\FI.API.SignTool.csproj", "{3585E94C-13AD-4398-99E7-39D370F73369}"
EndProject
Project("{2150E333-8FDC-42A3-9474-1A3956D46DE8}") = "Data", "Data", "{EFF54716-545D-48AE-9AD1-9781505FF3B0}"
	ProjectSection(SolutionItems) = preProject
		Data\FI.SignTool.Testing.csr = Data\FI.SignTool.Testing.csr
		Data\FI.SignTool.Testing.key = Data\FI.SignTool.Testing.key
		Data\FI.SignTool.Testing.pem = Data\FI.SignTool.Testing.pem
	EndProjectSection
EndProject
Project("{2150E333-8FDC-42A3-9474-1A3956D46DE8}") = ".docs", ".docs", "{B09592EC-90A6-4C8C-8C71-DAA9B055E84A}"
	ProjectSection(SolutionItems) = preProject
		readme.md = readme.md
	EndProjectSection
EndProject
Project("{FAE04EC0-301F-11D3-BF4B-00C04F79EFBC}") = "FI.API.SignTool.Tests", "tests\FI.API.SignTool.Tests\FI.API.SignTool.Tests.csproj", "{692E98C1-282F-4107-91E2-B1C5DF5998CE}"
EndProject
Global
	GlobalSection(SolutionConfigurationPlatforms) = preSolution
		Debug|Any CPU = Debug|Any CPU
		Release|Any CPU = Release|Any CPU
	EndGlobalSection
	GlobalSection(ProjectConfigurationPlatforms) = postSolution
		{3585E94C-13AD-4398-99E7-39D370F73369}.Debug|Any CPU.ActiveCfg = Debug|Any CPU
		{3585E94C-13AD-4398-99E7-39D370F73369}.Debug|Any CPU.Build.0 = Debug|Any CPU
		{3585E94C-13AD-4398-99E7-39D370F73369}.Release|Any CPU.ActiveCfg = Release|Any CPU
		{3585E94C-13AD-4398-99E7-39D370F73369}.Release|Any CPU.Build.0 = Release|Any CPU
		{692E98C1-282F-4107-91E2-B1C5DF5998CE}.Debug|Any CPU.ActiveCfg = Debug|Any CPU
		{692E98C1-282F-4107-91E2-B1C5DF5998CE}.Debug|Any CPU.Build.0 = Debug|Any CPU
		{692E98C1-282F-4107-91E2-B1C5DF5998CE}.Release|Any CPU.ActiveCfg = Release|Any CPU
		{692E98C1-282F-4107-91E2-B1C5DF5998CE}.Release|Any CPU.Build.0 = Release|Any CPU
	EndGlobalSection
	GlobalSection(SolutionProperties) = preSolution
		HideSolutionNode = FALSE
	EndGlobalSection
	GlobalSection(ExtensibilityGlobals) = postSolution
		SolutionGuid = {EFE2C9E4-E332-40A5-A93A-1EE5DD8E7B64}
	EndGlobalSection
EndGlobal
